
Microsoft Visual Studio Solution File, Format Version 12.00
# Visual Studio 15
VisualStudioVersion = 15.0.28307.168
MinimumVisualStudioVersion = 10.0.40219.1
Project("{FAE04EC0-301F-11D3-BF4B-00C04F79EFBC}") = "AWS", "AWS\AWS.csproj", "{4C302E24-43E3-43D0-93CE-CA49F97740CC}"
EndProject
Global
	GlobalSection(SolutionConfigurationPlatforms) = preSolution
		Debug|Any CPU = Debug|Any CPU
		Release|Any CPU = Release|Any CPU
	EndGlobalSection
	GlobalSection(ProjectConfigurationPlatforms) = postSolution
		{4C302E24-43E3-43D0-93CE-CA49F97740CC}.Debug|Any CPU.ActiveCfg = Debug|Any CPU
		{4C302E24-43E3-43D0-93CE-CA49F97740CC}.Debug|Any CPU.Build.0 = Debug|Any CPU
		{4C302E24-43E3-43D0-93CE-CA49F97740CC}.Release|Any CPU.ActiveCfg = Release|Any CPU
		{4C302E24-43E3-43D0-93CE-CA49F97740CC}.Release|Any CPU.Build.0 = Release|Any CPU
	EndGlobalSection
	GlobalSection(SolutionProperties) = preSolution
		HideSolutionNode = FALSE
	EndGlobalSection
	GlobalSection(ExtensibilityGlobals) = postSolution
		SolutionGuid = {A367C5C7-09D1-418D-B6FE-338DFB4C0793}
	EndGlobalSection
EndGlobal
